
Microsoft Visual Studio Solution File, Format Version 12.00
# Visual Studio Version 16
VisualStudioVersion = 25.0.1706.0
MinimumVisualStudioVersion = 10.0.40219.1
Project("{FAE04EC0-301F-11D3-BF4B-00C04F79EFBC}") = "CartDemo", "CartDemo\CartDemo.csproj", "{9DD8A69C-9406-4CD9-B6E5-0E33697C8C6E}"
EndProject
Global
	GlobalSection(SolutionConfigurationPlatforms) = preSolution
		Debug|Any CPU = Debug|Any CPU
		Release|Any CPU = Release|Any CPU
	EndGlobalSection
	GlobalSection(ProjectConfigurationPlatforms) = postSolution
		{9DD8A69C-9406-4CD9-B6E5-0E33697C8C6E}.Debug|Any CPU.ActiveCfg = Debug|Any CPU
		{9DD8A69C-9406-4CD9-B6E5-0E33697C8C6E}.Debug|Any CPU.Build.0 = Debug|Any CPU
		{9DD8A69C-9406-4CD9-B6E5-0E33697C8C6E}.Release|Any CPU.ActiveCfg = Release|Any CPU
		{9DD8A69C-9406-4CD9-B6E5-0E33697C8C6E}.Release|Any CPU.Build.0 = Release|Any CPU
	EndGlobalSection
	GlobalSection(SolutionProperties) = preSolution
		HideSolutionNode = FALSE
	EndGlobalSection
	GlobalSection(ExtensibilityGlobals) = postSolution
		SolutionGuid = {D2126444-0A08-4ED8-BE9C-C6C85E547506}
	EndGlobalSection
EndGlobal
